
Microsoft Visual Studio Solution File, Format Version 12.00
# Visual Studio Version 17
VisualStudioVersion = 17.0.31903.59
MinimumVisualStudioVersion = 10.0.40219.1
Project("{FAE04EC0-301F-11D3-BF4B-00C04F79EFBC}") = "ScrewCalendar", "ScrewCalendar.csproj", "{DEFADA18-0D01-4A1C-B4D4-69508ACBF2D0}"
EndProject
Project("{2150E333-8FDC-42A3-9474-1A3956D46DE8}") = "Shared", "Shared", "{12618A7F-1C8B-4864-98C2-D44FD8DE7391}"
EndProject
Project("{FAE04EC0-301F-11D3-BF4B-00C04F79EFBC}") = "DesktopWidgets.Toolkit", "Shared\DesktopWidgets.Toolkit\DesktopWidgets.Toolkit.csproj", "{1DC92E1C-8339-467A-8236-F71123196C52}"
EndProject
Project("{2150E333-8FDC-42A3-9474-1A3956D46DE8}") = "tests", "tests", "{A0A452D9-4E7F-42FB-A724-DE15DB225F04}"
EndProject
Project("{FAE04EC0-301F-11D3-BF4B-00C04F79EFBC}") = "ScrewCalendar.Tests", "tests\ScrewCalendar.Tests\ScrewCalendar.Tests.csproj", "{0152E6A1-9890-47DC-99AC-E326265B73EE}"
EndProject
Global
	GlobalSection(SolutionConfigurationPlatforms) = preSolution
		Debug|Any CPU = Debug|Any CPU
		Release|Any CPU = Release|Any CPU
	EndGlobalSection
	GlobalSection(SolutionProperties) = preSolution
		HideSolutionNode = FALSE
	EndGlobalSection
	GlobalSection(ProjectConfigurationPlatforms) = postSolution
		{DEFADA18-0D01-4A1C-B4D4-69508ACBF2D0}.Debug|Any CPU.ActiveCfg = Debug|x64
		{DEFADA18-0D01-4A1C-B4D4-69508ACBF2D0}.Debug|Any CPU.Build.0 = Debug|x64
		{DEFADA18-0D01-4A1C-B4D4-69508ACBF2D0}.Release|Any CPU.ActiveCfg = Release|x64
		{DEFADA18-0D01-4A1C-B4D4-69508ACBF2D0}.Release|Any CPU.Build.0 = Release|x64
		{1DC92E1C-8339-467A-8236-F71123196C52}.Debug|Any CPU.ActiveCfg = Debug|Any CPU
		{1DC92E1C-8339-467A-8236-F71123196C52}.Debug|Any CPU.Build.0 = Debug|Any CPU
		{1DC92E1C-8339-467A-8236-F71123196C52}.Release|Any CPU.ActiveCfg = Release|Any CPU
		{1DC92E1C-8339-467A-8236-F71123196C52}.Release|Any CPU.Build.0 = Release|Any CPU
		{0152E6A1-9890-47DC-99AC-E326265B73EE}.Debug|Any CPU.ActiveCfg = Debug|Any CPU
		{0152E6A1-9890-47DC-99AC-E326265B73EE}.Debug|Any CPU.Build.0 = Debug|Any CPU
		{0152E6A1-9890-47DC-99AC-E326265B73EE}.Release|Any CPU.ActiveCfg = Release|Any CPU
		{0152E6A1-9890-47DC-99AC-E326265B73EE}.Release|Any CPU.Build.0 = Release|Any CPU
	EndGlobalSection
	GlobalSection(NestedProjects) = preSolution
		{1DC92E1C-8339-467A-8236-F71123196C52} = {12618A7F-1C8B-4864-98C2-D44FD8DE7391}
		{0152E6A1-9890-47DC-99AC-E326265B73EE} = {A0A452D9-4E7F-42FB-A724-DE15DB225F04}
	EndGlobalSection
EndGlobal
